
Microsoft Visual Studio Solution File, Format Version 12.00
# Visual Studio Version 17
VisualStudioVersion = 17.11.35303.130
MinimumVisualStudioVersion = 10.0.40219.1
Project("{FAE04EC0-301F-11D3-BF4B-00C04F79EFBC}") = "ActorClassLibrary", "ActorClassLibrary\ActorClassLibrary.csproj", "{E53DD987-438D-48BF-BB73-24020B47F6E0}"
EndProject
Project("{FAE04EC0-301F-11D3-BF4B-00C04F79EFBC}") = "ActorClassLibraryTests", "ActorClassLibraryTests\ActorClassLibraryTests.csproj", "{B66F5ADF-C51A-424B-BA24-A29AEECCB462}"
EndProject
Project("{FAE04EC0-301F-11D3-BF4B-00C04F79EFBC}") = "ActorConsoleApp", "ActorConsoleApp\ActorConsoleApp.csproj", "{23E40F68-E6E4-4CA4-A1CC-E7B8E2948729}"
EndProject
Global
	GlobalSection(SolutionConfigurationPlatforms) = preSolution
		Debug|Any CPU = Debug|Any CPU
		Release|Any CPU = Release|Any CPU
	EndGlobalSection
	GlobalSection(ProjectConfigurationPlatforms) = postSolution
		{E53DD987-438D-48BF-BB73-24020B47F6E0}.Debug|Any CPU.ActiveCfg = Debug|Any CPU
		{E53DD987-438D-48BF-BB73-24020B47F6E0}.Debug|Any CPU.Build.0 = Debug|Any CPU
		{E53DD987-438D-48BF-BB73-24020B47F6E0}.Release|Any CPU.ActiveCfg = Release|Any CPU
		{E53DD987-438D-48BF-BB73-24020B47F6E0}.Release|Any CPU.Build.0 = Release|Any CPU
		{B66F5ADF-C51A-424B-BA24-A29AEECCB462}.Debug|Any CPU.ActiveCfg = Debug|Any CPU
		{B66F5ADF-C51A-424B-BA24-A29AEECCB462}.Debug|Any CPU.Build.0 = Debug|Any CPU
		{B66F5ADF-C51A-424B-BA24-A29AEECCB462}.Release|Any CPU.ActiveCfg = Release|Any CPU
		{B66F5ADF-C51A-424B-BA24-A29AEECCB462}.Release|Any CPU.Build.0 = Release|Any CPU
		{23E40F68-E6E4-4CA4-A1CC-E7B8E2948729}.Debug|Any CPU.ActiveCfg = Debug|Any CPU
		{23E40F68-E6E4-4CA4-A1CC-E7B8E2948729}.Debug|Any CPU.Build.0 = Debug|Any CPU
		{23E40F68-E6E4-4CA4-A1CC-E7B8E2948729}.Release|Any CPU.ActiveCfg = Release|Any CPU
		{23E40F68-E6E4-4CA4-A1CC-E7B8E2948729}.Release|Any CPU.Build.0 = Release|Any CPU
	EndGlobalSection
	GlobalSection(SolutionProperties) = preSolution
		HideSolutionNode = FALSE
	EndGlobalSection
	GlobalSection(ExtensibilityGlobals) = postSolution
		SolutionGuid = {C34A8364-72AD-4336-AD5E-4E311F7C6E24}
	EndGlobalSection
EndGlobal
